# @generated - this file is auto-generated by `mise lock` https://mise.en.dev/dev-tools/mise-lock.html

[[tools."github:badlogic/pi-mono"]]
version = "0.70.2"
backend = "github:badlogic/pi-mono"

[tools."github:badlogic/pi-mono"."platforms.macos-arm64"]
checksum = "sha256:4e039050367d82bff963e15fea8d85ca268f7b0284b83f5f15939aad087353a4"
url = "https://github.com/badlogic/pi-mono/releases/download/v0.70.2/pi-darwin-arm64.tar.gz"
url_api = "https://api.github.com/repos/badlogic/pi-mono/releases/assets/404412490"

[[tools."github:eugene1g/agent-safehouse"]]
version = "0.9.0"
backend = "github:eugene1g/agent-safehouse"

[tools."github:eugene1g/agent-safehouse"."platforms.macos-arm64"]
checksum = "sha256:61c2f71ee13ef9089442cb13cf050cc679e767ec48da9771e7d8f8a3eb2a8697"
url = "https://github.com/eugene1g/agent-safehouse/releases/download/v0.9.0/safehouse.sh"
url_api = "https://api.github.com/repos/eugene1g/agent-safehouse/releases/assets/383162252"

[[tools."npm:@bitwarden/cli"]]
version = "2026.4.1"
backend = "npm:@bitwarden/cli"

[[tools."npm:pi-acp"]]
version = "0.0.26"
backend = "npm:pi-acp"
