# @generated - this file is auto-generated by `mise lock` https://mise.en.dev/dev-tools/mise-lock.html

[[tools."github:bitwarden/clients"]]
version = "2026.1.0"
backend = "github:bitwarden/clients"

[tools."github:bitwarden/clients".options]
version_prefix = "cli-v"

[tools."github:bitwarden/clients"."platforms.macos-arm64"]
checksum = "sha256:e3649caeda5231a373dd9dc3024568cfe51aa06d53bc80e8dfb3f4c674b3b02f"
url = "https://github.com/bitwarden/clients/releases/download/cli-v2026.1.0/bw-macos-arm64-2026.1.0.zip"
url_api = "https://api.github.com/repos/bitwarden/clients/releases/assets/351254788"

[[tools."github:earendil-works/pi"]]
version = "0.79.1"
backend = "github:earendil-works/pi"

[tools."github:earendil-works/pi"."platforms.macos-arm64"]
checksum = "sha256:763894f9e560b7eb30f287b2115a52bffae3d6f3453a6d51be525840591f6575"
url = "https://github.com/earendil-works/pi/releases/download/v0.79.1/pi-darwin-arm64.tar.gz"
url_api = "https://api.github.com/repos/earendil-works/pi/releases/assets/443075248"

[[tools."github:eugene1g/agent-safehouse"]]
version = "0.10.1"
backend = "github:eugene1g/agent-safehouse"

[tools."github:eugene1g/agent-safehouse".options]
asset_pattern = "safehouse.sh"

[tools."github:eugene1g/agent-safehouse"."platforms.macos-arm64"]
checksum = "sha256:bf06e84d74a11dcdb3cec7293728b78df8f70a3cffdd195eb4ac8b86b5142642"
url = "https://github.com/eugene1g/agent-safehouse/releases/download/v0.10.1/safehouse.sh"
url_api = "https://api.github.com/repos/eugene1g/agent-safehouse/releases/assets/425197881"

[[tools."github:git-lfs/git-lfs"]]
version = "3.7.1"
backend = "github:git-lfs/git-lfs"

[tools."github:git-lfs/git-lfs"."platforms.macos-arm64"]
checksum = "sha256:76260fb34f4ee622ff0a66b857e5954aa49c7e343a92e57a1ec4a760618c94b2"
url = "https://github.com/git-lfs/git-lfs/releases/download/v3.7.1/git-lfs-darwin-arm64-v3.7.1.zip"
url_api = "https://api.github.com/repos/git-lfs/git-lfs/releases/assets/305262593"

[[tools."github:huggingface/xet-core"]]
version = "0.2.1"
backend = "github:huggingface/xet-core"

[tools."github:huggingface/xet-core".options]
version_prefix = "git-xet-v"

[tools."github:huggingface/xet-core"."platforms.macos-arm64"]
checksum = "sha256:b4e88e77f0fd09f9a55a0b74010e55192d0fb91756c83e9708a0079a97d632b7"
url = "https://github.com/huggingface/xet-core/releases/download/git-xet-v0.2.1/git-xet-macos-aarch64.zip"
url_api = "https://api.github.com/repos/huggingface/xet-core/releases/assets/355070408"

[[tools."github:jdx/fnox"]]
version = "1.25.1"
backend = "github:jdx/fnox"

[tools."github:jdx/fnox"."platforms.macos-arm64"]
checksum = "sha256:39d1f8cc620d3784f1b4c0127a0cf404f97d35ac4233656d36891d80c77cd147"
url = "https://github.com/jdx/fnox/releases/download/v1.25.1/fnox-aarch64-apple-darwin.tar.gz"
url_api = "https://api.github.com/repos/jdx/fnox/releases/assets/422647956"
provenance = "github-attestations"

[[tools."github:rclone/rclone"]]
version = "1.73.5"
backend = "github:rclone/rclone"

[tools."github:rclone/rclone"."platforms.macos-arm64"]
checksum = "sha256:b9e265eb7a098743d0726c05c73fe207d355950fb8481e0b226c0c00173da1e8"
url = "https://github.com/rclone/rclone/releases/download/v1.73.5/rclone-v1.73.5-osx-arm64.zip"
url_api = "https://api.github.com/repos/rclone/rclone/releases/assets/399925150"

[[tools."npm:@tobilu/qmd"]]
version = "2.1.0"
backend = "npm:@tobilu/qmd"

[[tools."npm:pi-acp"]]
version = "0.0.26"
backend = "npm:pi-acp"
